// !$*UTF8*$!
{
	archiveVersion = 1;
	classes = {
	};
	objectVersion = 48;
	objects = {

/* Begin PBXBuildFile section */
		F030FDA4201A995E0000C042 /* AppDelegate.swift in Sources */ = {isa = PBXBuildFile; fileRef = F030FDA3201A995E0000C042 /* AppDelegate.swift */; };
		F030FDA9201A995E0000C042 /* Main.storyboard in Resources */ = {isa = PBXBuildFile; fileRef = F030FDA7201A995E0000C042 /* Main.storyboard */; };
		F030FDAB201A995E0000C042 /* Assets.xcassets in Resources */ = {isa = PBXBuildFile; fileRef = F030FDAA201A995E0000C042 /* Assets.xcassets */; };
		F030FDAE201A995E0000C042 /* LaunchScreen.storyboard in Resources */ = {isa = PBXBuildFile; fileRef = F030FDAC201A995E0000C042 /* LaunchScreen.storyboard */; };
		F033AA0E202C68060025808F /* ChatVC.swift in Sources */ = {isa = PBXBuildFile; fileRef = F033AA0D202C68060025808F /* ChatVC.swift */; };
		F033AA10202C681A0025808F /* ChannelVC.swift in Sources */ = {isa = PBXBuildFile; fileRef = F033AA0F202C681A0025808F /* ChannelVC.swift */; };
		F033AA13202C71F60025808F /* SWRevealViewController.m in Sources */ = {isa = PBXBuildFile; fileRef = F033AA09202C62680025808F /* SWRevealViewController.m */; };
		F033AA15202C78200025808F /* GradientView.swift in Sources */ = {isa = PBXBuildFile; fileRef = F033AA14202C78200025808F /* GradientView.swift */; };
		F033AA19202C8B4B0025808F /* Constants.swift in Sources */ = {isa = PBXBuildFile; fileRef = F033AA18202C8B4B0025808F /* Constants.swift */; };
		F033AA1B202C998C0025808F /* LoginVC.swift in Sources */ = {isa = PBXBuildFile; fileRef = F033AA1A202C998C0025808F /* LoginVC.swift */; };
		F05D7B1B203C37B80083734C /* AuthService.swift in Sources */ = {isa = PBXBuildFile; fileRef = F05D7B1A203C37B80083734C /* AuthService.swift */; };
		F06E6ACB203390FD0004EF90 /* CreateAccountVC.swift in Sources */ = {isa = PBXBuildFile; fileRef = F06E6ACA203390FD0004EF90 /* CreateAccountVC.swift */; };
		F082E80A204D7E8E002612E0 /* UserDataService.swift in Sources */ = {isa = PBXBuildFile; fileRef = F082E809204D7E8E002612E0 /* UserDataService.swift */; };
		F0D8DC41204458F0007B83A1 /* RoundedButton.swift in Sources */ = {isa = PBXBuildFile; fileRef = F0D8DC40204458F0007B83A1 /* RoundedButton.swift */; };
		FF10F7534F52CC7353056714 /* Pods_Smack.framework in Frameworks */ = {isa = PBXBuildFile; fileRef = 7A913301826383290CFEA779 /* Pods_Smack.framework */; };
/* End PBXBuildFile section */

/* Begin PBXFileReference section */
		3C6398F1E584233A83464CB3 /* Pods-Smack.release.xcconfig */ = {isa = PBXFileReference; includeInIndex = 1; lastKnownFileType = text.xcconfig; name = "Pods-Smack.release.xcconfig"; path = "Pods/Target Support Files/Pods-Smack/Pods-Smack.release.xcconfig"; sourceTree = "<group>"; };
		433C1414A1A2C8C708B2E46D /* Pods-Smack.debug.xcconfig */ = {isa = PBXFileReference; includeInIndex = 1; lastKnownFileType = text.xcconfig; name = "Pods-Smack.debug.xcconfig"; path = "Pods/Target Support Files/Pods-Smack/Pods-Smack.debug.xcconfig"; sourceTree = "<group>"; };
		7A913301826383290CFEA779 /* Pods_Smack.framework */ = {isa = PBXFileReference; explicitFileType = wrapper.framework; includeInIndex = 0; path = Pods_Smack.framework; sourceTree = BUILT_PRODUCTS_DIR; };
		F030FDA0201A995E0000C042 /* Smack.app */ = {isa = PBXFileReference; explicitFileType = wrapper.application; includeInIndex = 0; path = Smack.app; sourceTree = BUILT_PRODUCTS_DIR; };
		F030FDA3201A995E0000C042 /* AppDelegate.swift */ = {isa = PBXFileReference; lastKnownFileType = sourcecode.swift; path = AppDelegate.swift; sourceTree = "<group>"; };
		F030FDA8201A995E0000C042 /* Base */ = {isa = PBXFileReference; lastKnownFileType = file.storyboard; name = Base; path = Base.lproj/Main.storyboard; sourceTree = "<group>"; };
		F030FDAA201A995E0000C042 /* Assets.xcassets */ = {isa = PBXFileReference; lastKnownFileType = folder.assetcatalog; path = Assets.xcassets; sourceTree = "<group>"; };
		F030FDAD201A995E0000C042 /* Base */ = {isa = PBXFileReference; lastKnownFileType = file.storyboard; name = Base; path = Base.lproj/LaunchScreen.storyboard; sourceTree = "<group>"; };
		F030FDAF201A995E0000C042 /* Info.plist */ = {isa = PBXFileReference; lastKnownFileType = text.plist.xml; path = Info.plist; sourceTree = "<group>"; };
		F033AA07202C62680025808F /* Smack-Bridging-Header.h */ = {isa = PBXFileReference; lastKnownFileType = sourcecode.c.h; path = "Smack-Bridging-Header.h"; sourceTree = "<group>"; };
		F033AA08202C62680025808F /* SWRevealViewController.h */ = {isa = PBXFileReference; lastKnownFileType = sourcecode.c.h; path = SWRevealViewController.h; sourceTree = "<group>"; };
		F033AA09202C62680025808F /* SWRevealViewController.m */ = {isa = PBXFileReference; lastKnownFileType = sourcecode.c.objc; path = SWRevealViewController.m; sourceTree = "<group>"; };
		F033AA0D202C68060025808F /* ChatVC.swift */ = {isa = PBXFileReference; lastKnownFileType = sourcecode.swift; path = ChatVC.swift; sourceTree = "<group>"; };
		F033AA0F202C681A0025808F /* ChannelVC.swift */ = {isa = PBXFileReference; lastKnownFileType = sourcecode.swift; path = ChannelVC.swift; sourceTree = "<group>"; };
		F033AA14202C78200025808F /* GradientView.swift */ = {isa = PBXFileReference; lastKnownFileType = sourcecode.swift; path = GradientView.swift; sourceTree = "<group>"; };
		F033AA18202C8B4B0025808F /* Constants.swift */ = {isa = PBXFileReference; lastKnownFileType = sourcecode.swift; path = Constants.swift; sourceTree = "<group>"; };
		F033AA1A202C998C0025808F /* LoginVC.swift */ = {isa = PBXFileReference; lastKnownFileType = sourcecode.swift; path = LoginVC.swift; sourceTree = "<group>"; };
		F05D7B1A203C37B80083734C /* AuthService.swift */ = {isa = PBXFileReference; lastKnownFileType = sourcecode.swift; path = AuthService.swift; sourceTree = "<group>"; };
		F06E6ACA203390FD0004EF90 /* CreateAccountVC.swift */ = {isa = PBXFileReference; lastKnownFileType = sourcecode.swift; path = CreateAccountVC.swift; sourceTree = "<group>"; };
		F082E809204D7E8E002612E0 /* UserDataService.swift */ = {isa = PBXFileReference; lastKnownFileType = sourcecode.swift; path = UserDataService.swift; sourceTree = "<group>"; };
		F0D8DC40204458F0007B83A1 /* RoundedButton.swift */ = {isa = PBXFileReference; lastKnownFileType = sourcecode.swift; path = RoundedButton.swift; sourceTree = "<group>"; };
/* End PBXFileReference section */

/* Begin PBXFrameworksBuildPhase section */
		F030FD9D201A995E0000C042 /* Frameworks */ = {
			isa = PBXFrameworksBuildPhase;
			buildActionMask = 2147483647;
			files = (
				FF10F7534F52CC7353056714 /* Pods_Smack.framework in Frameworks */,
			);
			runOnlyForDeploymentPostprocessing = 0;
		};
/* End PBXFrameworksBuildPhase section */

/* Begin PBXGroup section */
		032B7329E033CEE4C74F9B6E /* Frameworks */ = {
			isa = PBXGroup;
			children = (
				7A913301826383290CFEA779 /* Pods_Smack.framework */,
			);
			name = Frameworks;
			sourceTree = "<group>";
		};
		62637C8E852422AABE5137BF /* Pods */ = {
			isa = PBXGroup;
			children = (
				433C1414A1A2C8C708B2E46D /* Pods-Smack.debug.xcconfig */,
				3C6398F1E584233A83464CB3 /* Pods-Smack.release.xcconfig */,
			);
			name = Pods;
			sourceTree = "<group>";
		};
		F030FD97201A995E0000C042 = {
			isa = PBXGroup;
			children = (
				F030FDA2201A995E0000C042 /* Smack */,
				F030FDA1201A995E0000C042 /* Products */,
				62637C8E852422AABE5137BF /* Pods */,
				032B7329E033CEE4C74F9B6E /* Frameworks */,
			);
			sourceTree = "<group>";
		};
		F030FDA1201A995E0000C042 /* Products */ = {
			isa = PBXGroup;
			children = (
				F030FDA0201A995E0000C042 /* Smack.app */,
			);
			name = Products;
			sourceTree = "<group>";
		};
		F030FDA2201A995E0000C042 /* Smack */ = {
			isa = PBXGroup;
			children = (
				F05D7B19203C379D0083734C /* Services */,
				F033AA16202C8B2B0025808F /* Utillities */,
				F033AA0C202C67D60025808F /* View */,
				F033AA0B202C67CB0025808F /* Model */,
				F033AA0A202C67C40025808F /* Controller */,
				F033AA06202C622F0025808F /* Supporting Files */,
				F030FDA3201A995E0000C042 /* AppDelegate.swift */,
				F030FDA7201A995E0000C042 /* Main.storyboard */,
				F030FDAA201A995E0000C042 /* Assets.xcassets */,
				F030FDAC201A995E0000C042 /* LaunchScreen.storyboard */,
				F030FDAF201A995E0000C042 /* Info.plist */,
			);
			path = Smack;
			sourceTree = "<group>";
		};
		F033AA06202C622F0025808F /* Supporting Files */ = {
			isa = PBXGroup;
			children = (
				F033AA08202C62680025808F /* SWRevealViewController.h */,
				F033AA09202C62680025808F /* SWRevealViewController.m */,
				F033AA07202C62680025808F /* Smack-Bridging-Header.h */,
			);
			path = "Supporting Files";
			sourceTree = "<group>";
		};
		F033AA0A202C67C40025808F /* Controller */ = {
			isa = PBXGroup;
			children = (
				F033AA0D202C68060025808F /* ChatVC.swift */,
				F033AA0F202C681A0025808F /* ChannelVC.swift */,
				F033AA1A202C998C0025808F /* LoginVC.swift */,
				F06E6ACA203390FD0004EF90 /* CreateAccountVC.swift */,
			);
			path = Controller;
			sourceTree = "<group>";
		};
		F033AA0B202C67CB0025808F /* Model */ = {
			isa = PBXGroup;
			children = (
			);
			path = Model;
			sourceTree = "<group>";
		};
		F033AA0C202C67D60025808F /* View */ = {
			isa = PBXGroup;
			children = (
				F033AA14202C78200025808F /* GradientView.swift */,
				F0D8DC40204458F0007B83A1 /* RoundedButton.swift */,
			);
			path = View;
			sourceTree = "<group>";
		};
		F033AA16202C8B2B0025808F /* Utillities */ = {
			isa = PBXGroup;
			children = (
				F033AA18202C8B4B0025808F /* Constants.swift */,
			);
			path = Utillities;
			sourceTree = "<group>";
		};
		F05D7B19203C379D0083734C /* Services */ = {
			isa = PBXGroup;
			children = (
				F05D7B1A203C37B80083734C /* AuthService.swift */,
				F082E809204D7E8E002612E0 /* UserDataService.swift */,
			);
			path = Services;
			sourceTree = "<group>";
		};
/* End PBXGroup section */

/* Begin PBXNativeTarget section */
		F030FD9F201A995E0000C042 /* Smack */ = {
			isa = PBXNativeTarget;
			buildConfigurationList = F030FDB2201A995E0000C042 /* Build configuration list for PBXNativeTarget "Smack" */;
			buildPhases = (
				6117204B94DDB058DCB78F28 /* [CP] Check Pods Manifest.lock */,
				F030FD9C201A995E0000C042 /* Sources */,
				F030FD9D201A995E0000C042 /* Frameworks */,
				F030FD9E201A995E0000C042 /* Resources */,
				11C9D61F4FA0DBFE3D89CF9F /* [CP] Embed Pods Frameworks */,
				A68A348B397419C73F32029C /* [CP] Copy Pods Resources */,
			);
			buildRules = (
			);
			dependencies = (
			);
			name = Smack;
			productName = Smack;
			productReference = F030FDA0201A995E0000C042 /* Smack.app */;
			productType = "com.apple.product-type.application";
		};
/* End PBXNativeTarget section */

/* Begin PBXProject section */
		F030FD98201A995E0000C042 /* Project object */ = {
			isa = PBXProject;
			attributes = {
				LastSwiftUpdateCheck = 0900;
				LastUpgradeCheck = 0900;
				ORGANIZATIONNAME = "Krystian Bujak";
				TargetAttributes = {
					F030FD9F201A995E0000C042 = {
						CreatedOnToolsVersion = 9.0;
						LastSwiftMigration = 0900;
						ProvisioningStyle = Automatic;
					};
				};
			};
			buildConfigurationList = F030FD9B201A995E0000C042 /* Build configuration list for PBXProject "Smack" */;
			compatibilityVersion = "Xcode 8.0";
			developmentRegion = en;
			hasScannedForEncodings = 0;
			knownRegions = (
				en,
				Base,
			);
			mainGroup = F030FD97201A995E0000C042;
			productRefGroup = F030FDA1201A995E0000C042 /* Products */;
			projectDirPath = "";
			projectRoot = "";
			targets = (
				F030FD9F201A995E0000C042 /* Smack */,
			);
		};
/* End PBXProject section */

/* Begin PBXResourcesBuildPhase section */
		F030FD9E201A995E0000C042 /* Resources */ = {
			isa = PBXResourcesBuildPhase;
			buildActionMask = 2147483647;
			files = (
				F030FDAE201A995E0000C042 /* LaunchScreen.storyboard in Resources */,
				F030FDAB201A995E0000C042 /* Assets.xcassets in Resources */,
				F030FDA9201A995E0000C042 /* Main.storyboard in Resources */,
			);
			runOnlyForDeploymentPostprocessing = 0;
		};
/* End PBXResourcesBuildPhase section */

/* Begin PBXShellScriptBuildPhase section */
		11C9D61F4FA0DBFE3D89CF9F /* [CP] Embed Pods Frameworks */ = {
			isa = PBXShellScriptBuildPhase;
			buildActionMask = 2147483647;
			files = (
			);
			inputPaths = (
				"${SRCROOT}/Pods/Target Support Files/Pods-Smack/Pods-Smack-frameworks.sh",
				"${BUILT_PRODUCTS_DIR}/Alamofire/Alamofire.framework",
				"${BUILT_PRODUCTS_DIR}/Socket.IO-Client-Swift/SocketIO.framework",
				"${BUILT_PRODUCTS_DIR}/Starscream/Starscream.framework",
				"${BUILT_PRODUCTS_DIR}/SwiftyJSON/SwiftyJSON.framework",
			);
			name = "[CP] Embed Pods Frameworks";
			outputPaths = (
				"${TARGET_BUILD_DIR}/${FRAMEWORKS_FOLDER_PATH}/Alamofire.framework",
				"${TARGET_BUILD_DIR}/${FRAMEWORKS_FOLDER_PATH}/SocketIO.framework",
				"${TARGET_BUILD_DIR}/${FRAMEWORKS_FOLDER_PATH}/Starscream.framework",
				"${TARGET_BUILD_DIR}/${FRAMEWORKS_FOLDER_PATH}/SwiftyJSON.framework",
			);
			runOnlyForDeploymentPostprocessing = 0;
			shellPath = /bin/sh;
			shellScript = "\"${SRCROOT}/Pods/Target Support Files/Pods-Smack/Pods-Smack-frameworks.sh\"\n";
			showEnvVarsInLog = 0;
		};
		6117204B94DDB058DCB78F28 /* [CP] Check Pods Manifest.lock */ = {
			isa = PBXShellScriptBuildPhase;
			buildActionMask = 2147483647;
			files = (
			);
			inputPaths = (
				"${PODS_PODFILE_DIR_PATH}/Podfile.lock",
				"${PODS_ROOT}/Manifest.lock",
			);
			name = "[CP] Check Pods Manifest.lock";
			outputPaths = (
				"$(DERIVED_FILE_DIR)/Pods-Smack-checkManifestLockResult.txt",
			);
			runOnlyForDeploymentPostprocessing = 0;
			shellPath = /bin/sh;
			shellScript = "diff \"${PODS_PODFILE_DIR_PATH}/Podfile.lock\" \"${PODS_ROOT}/Manifest.lock\" > /dev/null\nif [ $? != 0 ] ; then\n    # print error to STDERR\n    echo \"error: The sandbox is not in sync with the Podfile.lock. Run 'pod install' or update your CocoaPods installation.\" >&2\n    exit 1\nfi\n# This output is used by Xcode 'outputs' to avoid re-running this script phase.\necho \"SUCCESS\" > \"${SCRIPT_OUTPUT_FILE_0}\"\n";
			showEnvVarsInLog = 0;
		};
		A68A348B397419C73F32029C /* [CP] Copy Pods Resources */ = {
			isa = PBXShellScriptBuildPhase;
			buildActionMask = 2147483647;
			files = (
			);
			inputPaths = (
			);
			name = "[CP] Copy Pods Resources";
			outputPaths = (
			);
			runOnlyForDeploymentPostprocessing = 0;
			shellPath = /bin/sh;
			shellScript = "\"${SRCROOT}/Pods/Target Support Files/Pods-Smack/Pods-Smack-resources.sh\"\n";
			showEnvVarsInLog = 0;
		};
/* End PBXShellScriptBuildPhase section */

/* Begin PBXSourcesBuildPhase section */
		F030FD9C201A995E0000C042 /* Sources */ = {
			isa = PBXSourcesBuildPhase;
			buildActionMask = 2147483647;
			files = (
				F033AA1B202C998C0025808F /* LoginVC.swift in Sources */,
				F0D8DC41204458F0007B83A1 /* RoundedButton.swift in Sources */,
				F033AA13202C71F60025808F /* SWRevealViewController.m in Sources */,
				F082E80A204D7E8E002612E0 /* UserDataService.swift in Sources */,
				F06E6ACB203390FD0004EF90 /* CreateAccountVC.swift in Sources */,
				F033AA0E202C68060025808F /* ChatVC.swift in Sources */,
				F05D7B1B203C37B80083734C /* AuthService.swift in Sources */,
				F033AA15202C78200025808F /* GradientView.swift in Sources */,
				F033AA10202C681A0025808F /* ChannelVC.swift in Sources */,
				F030FDA4201A995E0000C042 /* AppDelegate.swift in Sources */,
				F033AA19202C8B4B0025808F /* Constants.swift in Sources */,
			);
			runOnlyForDeploymentPostprocessing = 0;
		};
/* End PBXSourcesBuildPhase section */

/* Begin PBXVariantGroup section */
		F030FDA7201A995E0000C042 /* Main.storyboard */ = {
			isa = PBXVariantGroup;
			children = (
				F030FDA8201A995E0000C042 /* Base */,
			);
			name = Main.storyboard;
			sourceTree = "<group>";
		};
		F030FDAC201A995E0000C042 /* LaunchScreen.storyboard */ = {
			isa = PBXVariantGroup;
			children = (
				F030FDAD201A995E0000C042 /* Base */,
			);
			name = LaunchScreen.storyboard;
			sourceTree = "<group>";
		};
/* End PBXVariantGroup section */

/* Begin XCBuildConfiguration section */
		F030FDB0201A995E0000C042 /* Debug */ = {
			isa = XCBuildConfiguration;
			buildSettings = {
				ALWAYS_SEARCH_USER_PATHS = NO;
				CLANG_ANALYZER_NONNULL = YES;
				CLANG_ANALYZER_NUMBER_OBJECT_CONVERSION = YES_AGGRESSIVE;
				CLANG_CXX_LANGUAGE_STANDARD = "gnu++14";
				CLANG_CXX_LIBRARY = "libc++";
				CLANG_ENABLE_MODULES = YES;
				CLANG_ENABLE_OBJC_ARC = YES;
				CLANG_WARN_BLOCK_CAPTURE_AUTORELEASING = YES;
				CLANG_WARN_BOOL_CONVERSION = YES;
				CLANG_WARN_COMMA = YES;
				CLANG_WARN_CONSTANT_CONVERSION = YES;
				CLANG_WARN_DIRECT_OBJC_ISA_USAGE = YES_ERROR;
				CLANG_WARN_DOCUMENTATION_COMMENTS = YES;
				CLANG_WARN_EMPTY_BODY = YES;
				CLANG_WARN_ENUM_CONVERSION = YES;
				CLANG_WARN_INFINITE_RECURSION = YES;
				CLANG_WARN_INT_CONVERSION = YES;
				CLANG_WARN_NON_LITERAL_NULL_CONVERSION = YES;
				CLANG_WARN_OBJC_LITERAL_CONVERSION = YES;
				CLANG_WARN_OBJC_ROOT_CLASS = YES_ERROR;
				CLANG_WARN_RANGE_LOOP_ANALYSIS = YES;
				CLANG_WARN_STRICT_PROTOTYPES = YES;
				CLANG_WARN_SUSPICIOUS_MOVE = YES;
				CLANG_WARN_UNGUARDED_AVAILABILITY = YES_AGGRESSIVE;
				CLANG_WARN_UNREACHABLE_CODE = YES;
				CLANG_WARN__DUPLICATE_METHOD_MATCH = YES;
				CODE_SIGN_IDENTITY = "iPhone Developer";
				COPY_PHASE_STRIP = NO;
				DEBUG_INFORMATION_FORMAT = dwarf;
				ENABLE_STRICT_OBJC_MSGSEND = YES;
				ENABLE_TESTABILITY = YES;
				GCC_C_LANGUAGE_STANDARD = gnu11;
				GCC_DYNAMIC_NO_PIC = NO;
				GCC_NO_COMMON_BLOCKS = YES;
				GCC_OPTIMIZATION_LEVEL = 0;
				GCC_PREPROCESSOR_DEFINITIONS = (
					"DEBUG=1",
					"$(inherited)",
				);
				GCC_WARN_64_TO_32_BIT_CONVERSION = YES;
				GCC_WARN_ABOUT_RETURN_TYPE = YES_ERROR;
				GCC_WARN_UNDECLARED_SELECTOR = YES;
				GCC_WARN_UNINITIALIZED_AUTOS = YES_AGGRESSIVE;
				GCC_WARN_UNUSED_FUNCTION = YES;
				GCC_WARN_UNUSED_VARIABLE = YES;
				IPHONEOS_DEPLOYMENT_TARGET = 11.0;
				MTL_ENABLE_DEBUG_INFO = YES;
				ONLY_ACTIVE_ARCH = YES;
				SDKROOT = iphoneos;
				SWIFT_ACTIVE_COMPILATION_CONDITIONS = DEBUG;
				SWIFT_OPTIMIZATION_LEVEL = "-Onone";
			};
			name = Debug;
		};
		F030FDB1201A995E0000C042 /* Release */ = {
			isa = XCBuildConfiguration;
			buildSettings = {
				ALWAYS_SEARCH_USER_PATHS = NO;
				CLANG_ANALYZER_NONNULL = YES;
				CLANG_ANALYZER_NUMBER_OBJECT_CONVERSION = YES_AGGRESSIVE;
				CLANG_CXX_LANGUAGE_STANDARD = "gnu++14";
				CLANG_CXX_LIBRARY = "libc++";
				CLANG_ENABLE_MODULES = YES;
				CLANG_ENABLE_OBJC_ARC = YES;
				CLANG_WARN_BLOCK_CAPTURE_AUTORELEASING = YES;
				CLANG_WARN_BOOL_CONVERSION = YES;
				CLANG_WARN_COMMA = YES;
				CLANG_WARN_CONSTANT_CONVERSION = YES;
				CLANG_WARN_DIRECT_OBJC_ISA_USAGE = YES_ERROR;
				CLANG_WARN_DOCUMENTATION_COMMENTS = YES;
				CLANG_WARN_EMPTY_BODY = YES;
				CLANG_WARN_ENUM_CONVERSION = YES;
				CLANG_WARN_INFINITE_RECURSION = YES;
				CLANG_WARN_INT_CONVERSION = YES;
				CLANG_WARN_NON_LITERAL_NULL_CONVERSION = YES;
				CLANG_WARN_OBJC_LITERAL_CONVERSION = YES;
				CLANG_WARN_OBJC_ROOT_CLASS = YES_ERROR;
				CLANG_WARN_RANGE_LOOP_ANALYSIS = YES;
				CLANG_WARN_STRICT_PROTOTYPES = YES;
				CLANG_WARN_SUSPICIOUS_MOVE = YES;
				CLANG_WARN_UNGUARDED_AVAILABILITY = YES_AGGRESSIVE;
				CLANG_WARN_UNREACHABLE_CODE = YES;
				CLANG_WARN__DUPLICATE_METHOD_MATCH = YES;
				CODE_SIGN_IDENTITY = "iPhone Developer";
				COPY_PHASE_STRIP = NO;
				DEBUG_INFORMATION_FORMAT = "dwarf-with-dsym";
				ENABLE_NS_ASSERTIONS = NO;
				ENABLE_STRICT_OBJC_MSGSEND = YES;
				GCC_C_LANGUAGE_STANDARD = gnu11;
				GCC_NO_COMMON_BLOCKS = YES;
				GCC_WARN_64_TO_32_BIT_CONVERSION = YES;
				GCC_WARN_ABOUT_RETURN_TYPE = YES_ERROR;
				GCC_WARN_UNDECLARED_SELECTOR = YES;
				GCC_WARN_UNINITIALIZED_AUTOS = YES_AGGRESSIVE;
				GCC_WARN_UNUSED_FUNCTION = YES;
				GCC_WARN_UNUSED_VARIABLE = YES;
				IPHONEOS_DEPLOYMENT_TARGET = 11.0;
				MTL_ENABLE_DEBUG_INFO = NO;
				SDKROOT = iphoneos;
				SWIFT_OPTIMIZATION_LEVEL = "-Owholemodule";
				VALIDATE_PRODUCT = YES;
			};
			name = Release;
		};
		F030FDB3201A995E0000C042 /* Debug */ = {
			isa = XCBuildConfiguration;
			baseConfigurationReference = 433C1414A1A2C8C708B2E46D /* Pods-Smack.debug.xcconfig */;
			buildSettings = {
				ASSETCATALOG_COMPILER_APPICON_NAME = AppIcon;
				CLANG_ENABLE_MODULES = YES;
				CODE_SIGN_STYLE = Automatic;
				DEVELOPMENT_TEAM = 4VV3H7446H;
				INFOPLIST_FILE = Smack/Info.plist;
				LD_RUNPATH_SEARCH_PATHS = "$(inherited) @executable_path/Frameworks";
				PRODUCT_BUNDLE_IDENTIFIER = pl.booyac.Smack;
				PRODUCT_NAME = "$(TARGET_NAME)";
				SWIFT_OBJC_BRIDGING_HEADER = "Smack/Supporting Files/Smack-Bridging-Header.h";
				SWIFT_OPTIMIZATION_LEVEL = "-Onone";
				SWIFT_VERSION = 4.0;
				TARGETED_DEVICE_FAMILY = "1,2";
			};
			name = Debug;
		};
		F030FDB4201A995E0000C042 /* Release */ = {
			isa = XCBuildConfiguration;
			baseConfigurationReference = 3C6398F1E584233A83464CB3 /* Pods-Smack.release.xcconfig */;
			buildSettings = {
				ASSETCATALOG_COMPILER_APPICON_NAME = AppIcon;
				CLANG_ENABLE_MODULES = YES;
				CODE_SIGN_STYLE = Automatic;
				DEVELOPMENT_TEAM = 4VV3H7446H;
				INFOPLIST_FILE = Smack/Info.plist;
				LD_RUNPATH_SEARCH_PATHS = "$(inherited) @executable_path/Frameworks";
				PRODUCT_BUNDLE_IDENTIFIER = pl.booyac.Smack;
				PRODUCT_NAME = "$(TARGET_NAME)";
				SWIFT_OBJC_BRIDGING_HEADER = "Smack/Supporting Files/Smack-Bridging-Header.h";
				SWIFT_VERSION = 4.0;
				TARGETED_DEVICE_FAMILY = "1,2";
			};
			name = Release;
		};
/* End XCBuildConfiguration section */

/* Begin XCConfigurationList section */
		F030FD9B201A995E0000C042 /* Build configuration list for PBXProject "Smack" */ = {
			isa = XCConfigurationList;
			buildConfigurations = (
				F030FDB0201A995E0000C042 /* Debug */,
				F030FDB1201A995E0000C042 /* Release */,
			);
			defaultConfigurationIsVisible = 0;
			defaultConfigurationName = Release;
		};
		F030FDB2201A995E0000C042 /* Build configuration list for PBXNativeTarget "Smack" */ = {
			isa = XCConfigurationList;
			buildConfigurations = (
				F030FDB3201A995E0000C042 /* Debug */,
				F030FDB4201A995E0000C042 /* Release */,
			);
			defaultConfigurationIsVisible = 0;
			defaultConfigurationName = Release;
		};
/* End XCConfigurationList section */
	};
	rootObject = F030FD98201A995E0000C042 /* Project object */;
}
